
Microsoft Visual Studio Solution File, Format Version 12.00
# Visual Studio Version 17
VisualStudioVersion = 17.0.31903.59
MinimumVisualStudioVersion = 10.0.40219.1
Project("{2150E333-8FDC-42A3-9474-1A3956D46DE8}") = "src", "src", "{9D8947B1-20AC-460A-BBFB-5B4E9C91C9F5}"
EndProject
Project("{9A19103F-16F7-4668-BE54-9A1E7A4F7556}") = "ReisdocumentService", "src\ReisdocumentService\ReisdocumentService.csproj", "{80F2A300-DE9A-45C8-A910-038C1E2C8E95}"
EndProject
Project("{9A19103F-16F7-4668-BE54-9A1E7A4F7556}") = "ReisdocumentProxy", "src\ReisdocumentProxy\ReisdocumentProxy.csproj", "{31054D26-1970-4C80-8283-DF519D0F561D}"
EndProject
Project("{FAE04EC0-301F-11D3-BF4B-00C04F79EFBC}") = "Reisdocument.Validatie", "src\Reisdocument.Validatie\Reisdocument.Validatie.csproj", "{4BB40785-89AF-440D-ADDD-825DB6A5C7DE}"
EndProject
Project("{FAE04EC0-301F-11D3-BF4B-00C04F79EFBC}") = "Reisdocument.Validatie.Tests", "src\Reisdocument.Validatie.Tests\Reisdocument.Validatie.Tests.csproj", "{9C36889C-6851-4F0E-A37C-B772B8AFE598}"
EndProject
Global
	GlobalSection(SolutionConfigurationPlatforms) = preSolution
		Debug|Any CPU = Debug|Any CPU
		Release|Any CPU = Release|Any CPU
	EndGlobalSection
	GlobalSection(ProjectConfigurationPlatforms) = postSolution
		{80F2A300-DE9A-45C8-A910-038C1E2C8E95}.Debug|Any CPU.ActiveCfg = Debug|Any CPU
		{80F2A300-DE9A-45C8-A910-038C1E2C8E95}.Debug|Any CPU.Build.0 = Debug|Any CPU
		{80F2A300-DE9A-45C8-A910-038C1E2C8E95}.Release|Any CPU.ActiveCfg = Release|Any CPU
		{80F2A300-DE9A-45C8-A910-038C1E2C8E95}.Release|Any CPU.Build.0 = Release|Any CPU
		{31054D26-1970-4C80-8283-DF519D0F561D}.Debug|Any CPU.ActiveCfg = Debug|Any CPU
		{31054D26-1970-4C80-8283-DF519D0F561D}.Debug|Any CPU.Build.0 = Debug|Any CPU
		{31054D26-1970-4C80-8283-DF519D0F561D}.Release|Any CPU.ActiveCfg = Release|Any CPU
		{31054D26-1970-4C80-8283-DF519D0F561D}.Release|Any CPU.Build.0 = Release|Any CPU
		{4BB40785-89AF-440D-ADDD-825DB6A5C7DE}.Debug|Any CPU.ActiveCfg = Debug|Any CPU
		{4BB40785-89AF-440D-ADDD-825DB6A5C7DE}.Debug|Any CPU.Build.0 = Debug|Any CPU
		{4BB40785-89AF-440D-ADDD-825DB6A5C7DE}.Release|Any CPU.ActiveCfg = Release|Any CPU
		{4BB40785-89AF-440D-ADDD-825DB6A5C7DE}.Release|Any CPU.Build.0 = Release|Any CPU
		{9C36889C-6851-4F0E-A37C-B772B8AFE598}.Debug|Any CPU.ActiveCfg = Debug|Any CPU
		{9C36889C-6851-4F0E-A37C-B772B8AFE598}.Debug|Any CPU.Build.0 = Debug|Any CPU
		{9C36889C-6851-4F0E-A37C-B772B8AFE598}.Release|Any CPU.ActiveCfg = Release|Any CPU
		{9C36889C-6851-4F0E-A37C-B772B8AFE598}.Release|Any CPU.Build.0 = Release|Any CPU
	EndGlobalSection
	GlobalSection(SolutionProperties) = preSolution
		HideSolutionNode = FALSE
	EndGlobalSection
	GlobalSection(NestedProjects) = preSolution
		{80F2A300-DE9A-45C8-A910-038C1E2C8E95} = {9D8947B1-20AC-460A-BBFB-5B4E9C91C9F5}
		{31054D26-1970-4C80-8283-DF519D0F561D} = {9D8947B1-20AC-460A-BBFB-5B4E9C91C9F5}
		{4BB40785-89AF-440D-ADDD-825DB6A5C7DE} = {9D8947B1-20AC-460A-BBFB-5B4E9C91C9F5}
		{9C36889C-6851-4F0E-A37C-B772B8AFE598} = {9D8947B1-20AC-460A-BBFB-5B4E9C91C9F5}
	EndGlobalSection
	GlobalSection(ExtensibilityGlobals) = postSolution
		SolutionGuid = {FA083D48-9A4A-49AE-8EB5-5090DEC8ECAA}
	EndGlobalSection
EndGlobal
